
Microsoft Visual Studio Solution File, Format Version 12.00
# Visual Studio 15
VisualStudioVersion = 15.0.28307.1831
MinimumVisualStudioVersion = 10.0.40219.1
Project("{FAE04EC0-301F-11D3-BF4B-00C04F79EFBC}") = "ChatUygulamasi", "ChatUygulamasi\ChatUygulamasi.csproj", "{2F3CC87C-3564-4CD3-902F-B42D3651A79D}"
EndProject
Global
	GlobalSection(SolutionConfigurationPlatforms) = preSolution
		Debug|Any CPU = Debug|Any CPU
		Release|Any CPU = Release|Any CPU
	EndGlobalSection
	GlobalSection(ProjectConfigurationPlatforms) = postSolution
		{2F3CC87C-3564-4CD3-902F-B42D3651A79D}.Debug|Any CPU.ActiveCfg = Debug|Any CPU
		{2F3CC87C-3564-4CD3-902F-B42D3651A79D}.Debug|Any CPU.Build.0 = Debug|Any CPU
		{2F3CC87C-3564-4CD3-902F-B42D3651A79D}.Release|Any CPU.ActiveCfg = Release|Any CPU
		{2F3CC87C-3564-4CD3-902F-B42D3651A79D}.Release|Any CPU.Build.0 = Release|Any CPU
	EndGlobalSection
	GlobalSection(SolutionProperties) = preSolution
		HideSolutionNode = FALSE
	EndGlobalSection
	GlobalSection(ExtensibilityGlobals) = postSolution
		SolutionGuid = {0910AF5D-3501-4203-A8B6-B407294C85BC}
	EndGlobalSection
EndGlobal
